
Microsoft Visual Studio Solution File, Format Version 12.00
# Visual Studio Version 17
VisualStudioVersion = 17.0.32014.148
MinimumVisualStudioVersion = 10.0.40219.1
Project("{9A19103F-16F7-4668-BE54-9A1E7A4F7556}") = "ModeloDB", "ModeloDB\ModeloDB.csproj", "{0E5AB180-886F-43E5-BE2B-B7D7AA159E8C}"
EndProject
Project("{9A19103F-16F7-4668-BE54-9A1E7A4F7556}") = "SGRP", "SGRP\SGRP.csproj", "{40CB774D-C1B1-40D1-B3E1-859FB4DBC329}"
EndProject
Project("{9A19103F-16F7-4668-BE54-9A1E7A4F7556}") = "CargaDatos", "CargaDatos\CargaDatos.csproj", "{CC0183F7-A1C5-4F47-AF8D-72A5E69D6EC4}"
EndProject
Project("{9A19103F-16F7-4668-BE54-9A1E7A4F7556}") = "Modelo", "Modelo\Modelo.csproj", "{F887F717-B21B-468B-84F1-FA15CE2BF646}"
EndProject
Project("{9A19103F-16F7-4668-BE54-9A1E7A4F7556}") = "WebSGRP", "WebSGRP\WebSGRP.csproj", "{A9ED9BF8-E0E9-471D-B031-55D04E97184D}"
EndProject
Project("{FAE04EC0-301F-11D3-BF4B-00C04F79EFBC}") = "Helpers", "Helpers\Helpers.csproj", "{F730754C-2368-43B5-9256-78DC255B93EB}"
EndProject
Global
	GlobalSection(SolutionConfigurationPlatforms) = preSolution
		Debug|Any CPU = Debug|Any CPU
		Release|Any CPU = Release|Any CPU
	EndGlobalSection
	GlobalSection(ProjectConfigurationPlatforms) = postSolution
		{0E5AB180-886F-43E5-BE2B-B7D7AA159E8C}.Debug|Any CPU.ActiveCfg = Debug|Any CPU
		{0E5AB180-886F-43E5-BE2B-B7D7AA159E8C}.Debug|Any CPU.Build.0 = Debug|Any CPU
		{0E5AB180-886F-43E5-BE2B-B7D7AA159E8C}.Release|Any CPU.ActiveCfg = Release|Any CPU
		{0E5AB180-886F-43E5-BE2B-B7D7AA159E8C}.Release|Any CPU.Build.0 = Release|Any CPU
		{40CB774D-C1B1-40D1-B3E1-859FB4DBC329}.Debug|Any CPU.ActiveCfg = Debug|Any CPU
		{40CB774D-C1B1-40D1-B3E1-859FB4DBC329}.Debug|Any CPU.Build.0 = Debug|Any CPU
		{40CB774D-C1B1-40D1-B3E1-859FB4DBC329}.Release|Any CPU.ActiveCfg = Release|Any CPU
		{40CB774D-C1B1-40D1-B3E1-859FB4DBC329}.Release|Any CPU.Build.0 = Release|Any CPU
		{CC0183F7-A1C5-4F47-AF8D-72A5E69D6EC4}.Debug|Any CPU.ActiveCfg = Debug|Any CPU
		{CC0183F7-A1C5-4F47-AF8D-72A5E69D6EC4}.Debug|Any CPU.Build.0 = Debug|Any CPU
		{CC0183F7-A1C5-4F47-AF8D-72A5E69D6EC4}.Release|Any CPU.ActiveCfg = Release|Any CPU
		{CC0183F7-A1C5-4F47-AF8D-72A5E69D6EC4}.Release|Any CPU.Build.0 = Release|Any CPU
		{F887F717-B21B-468B-84F1-FA15CE2BF646}.Debug|Any CPU.ActiveCfg = Debug|Any CPU
		{F887F717-B21B-468B-84F1-FA15CE2BF646}.Debug|Any CPU.Build.0 = Debug|Any CPU
		{F887F717-B21B-468B-84F1-FA15CE2BF646}.Release|Any CPU.ActiveCfg = Release|Any CPU
		{F887F717-B21B-468B-84F1-FA15CE2BF646}.Release|Any CPU.Build.0 = Release|Any CPU
		{A9ED9BF8-E0E9-471D-B031-55D04E97184D}.Debug|Any CPU.ActiveCfg = Debug|Any CPU
		{A9ED9BF8-E0E9-471D-B031-55D04E97184D}.Debug|Any CPU.Build.0 = Debug|Any CPU
		{A9ED9BF8-E0E9-471D-B031-55D04E97184D}.Release|Any CPU.ActiveCfg = Release|Any CPU
		{A9ED9BF8-E0E9-471D-B031-55D04E97184D}.Release|Any CPU.Build.0 = Release|Any CPU
		{F730754C-2368-43B5-9256-78DC255B93EB}.Debug|Any CPU.ActiveCfg = Debug|Any CPU
		{F730754C-2368-43B5-9256-78DC255B93EB}.Debug|Any CPU.Build.0 = Debug|Any CPU
		{F730754C-2368-43B5-9256-78DC255B93EB}.Release|Any CPU.ActiveCfg = Release|Any CPU
		{F730754C-2368-43B5-9256-78DC255B93EB}.Release|Any CPU.Build.0 = Release|Any CPU
	EndGlobalSection
	GlobalSection(SolutionProperties) = preSolution
		HideSolutionNode = FALSE
	EndGlobalSection
	GlobalSection(ExtensibilityGlobals) = postSolution
		SolutionGuid = {E3DC9FFE-2E5F-4788-9F74-4DB6CD513847}
	EndGlobalSection
EndGlobal
